
Microsoft Visual Studio Solution File, Format Version 12.00
# Visual Studio Version 16
VisualStudioVersion = 16.0.29102.190
MinimumVisualStudioVersion = 10.0.40219.1
Project("{9A19103F-16F7-4668-BE54-9A1E7A4F7556}") = "MS_Products", "MS_Products\MS_Products.csproj", "{A8028BF1-C5C9-468B-926D-F86C4AAD060D}"
EndProject
Project("{E53339B2-1760-4266-BCC7-CA923CBCF16C}") = "docker-compose", "docker-compose.dcproj", "{5A22F0A0-B2A0-4FA6-8EFC-220EAD744657}"
EndProject
Global
	GlobalSection(SolutionConfigurationPlatforms) = preSolution
		Debug|Any CPU = Debug|Any CPU
		Debug|x64 = Debug|x64
		Release|Any CPU = Release|Any CPU
		Release|x64 = Release|x64
	EndGlobalSection
	GlobalSection(ProjectConfigurationPlatforms) = postSolution
		{A8028BF1-C5C9-468B-926D-F86C4AAD060D}.Debug|Any CPU.ActiveCfg = Debug|Any CPU
		{A8028BF1-C5C9-468B-926D-F86C4AAD060D}.Debug|Any CPU.Build.0 = Debug|Any CPU
		{A8028BF1-C5C9-468B-926D-F86C4AAD060D}.Debug|x64.ActiveCfg = Debug|Any CPU
		{A8028BF1-C5C9-468B-926D-F86C4AAD060D}.Debug|x64.Build.0 = Debug|Any CPU
		{A8028BF1-C5C9-468B-926D-F86C4AAD060D}.Release|Any CPU.ActiveCfg = Release|Any CPU
		{A8028BF1-C5C9-468B-926D-F86C4AAD060D}.Release|Any CPU.Build.0 = Release|Any CPU
		{A8028BF1-C5C9-468B-926D-F86C4AAD060D}.Release|x64.ActiveCfg = Release|Any CPU
		{A8028BF1-C5C9-468B-926D-F86C4AAD060D}.Release|x64.Build.0 = Release|Any CPU
		{5A22F0A0-B2A0-4FA6-8EFC-220EAD744657}.Debug|Any CPU.ActiveCfg = Debug|Any CPU
		{5A22F0A0-B2A0-4FA6-8EFC-220EAD744657}.Debug|Any CPU.Build.0 = Debug|Any CPU
		{5A22F0A0-B2A0-4FA6-8EFC-220EAD744657}.Debug|x64.ActiveCfg = Debug|Any CPU
		{5A22F0A0-B2A0-4FA6-8EFC-220EAD744657}.Debug|x64.Build.0 = Debug|Any CPU
		{5A22F0A0-B2A0-4FA6-8EFC-220EAD744657}.Release|Any CPU.ActiveCfg = Release|Any CPU
		{5A22F0A0-B2A0-4FA6-8EFC-220EAD744657}.Release|Any CPU.Build.0 = Release|Any CPU
		{5A22F0A0-B2A0-4FA6-8EFC-220EAD744657}.Release|x64.ActiveCfg = Release|Any CPU
		{5A22F0A0-B2A0-4FA6-8EFC-220EAD744657}.Release|x64.Build.0 = Release|Any CPU
	EndGlobalSection
	GlobalSection(SolutionProperties) = preSolution
		HideSolutionNode = FALSE
	EndGlobalSection
	GlobalSection(ExtensibilityGlobals) = postSolution
		SolutionGuid = {D2F243F4-BD55-48CC-8F21-E59786F37053}
	EndGlobalSection
EndGlobal
